
Microsoft Visual Studio Solution File, Format Version 12.00
# Visual Studio Version 16
VisualStudioVersion = 16.0.29102.190
MinimumVisualStudioVersion = 10.0.40219.1
Project("{FAE04EC0-301F-11D3-BF4B-00C04F79EFBC}") = "BookCatalogue", "BookCatalogue.csproj", "{3580042B-17E3-4608-A86E-FA7F85BE0460}"
EndProject
Global
	GlobalSection(SolutionConfigurationPlatforms) = preSolution
		Debug|Any CPU = Debug|Any CPU
		Release|Any CPU = Release|Any CPU
	EndGlobalSection
	GlobalSection(ProjectConfigurationPlatforms) = postSolution
		{3580042B-17E3-4608-A86E-FA7F85BE0460}.Debug|Any CPU.ActiveCfg = Debug|Any CPU
		{3580042B-17E3-4608-A86E-FA7F85BE0460}.Debug|Any CPU.Build.0 = Debug|Any CPU
		{3580042B-17E3-4608-A86E-FA7F85BE0460}.Release|Any CPU.ActiveCfg = Release|Any CPU
		{3580042B-17E3-4608-A86E-FA7F85BE0460}.Release|Any CPU.Build.0 = Release|Any CPU
	EndGlobalSection
	GlobalSection(SolutionProperties) = preSolution
		HideSolutionNode = FALSE
	EndGlobalSection
	GlobalSection(ExtensibilityGlobals) = postSolution
		SolutionGuid = {06CA24FE-062D-448D-9C32-C14F02B27388}
	EndGlobalSection
EndGlobal
